
Microsoft Visual Studio Solution File, Format Version 12.00
# Visual Studio Version 17
VisualStudioVersion = 17.13.35507.96 d17.13
MinimumVisualStudioVersion = 10.0.40219.1
Project("{FAE04EC0-301F-11D3-BF4B-00C04F79EFBC}") = "Chatroom-Client", "Chatroom-Client.csproj", "{F7C91BAD-75CE-41BF-B5FF-64FF7C4E0FC3}"
EndProject
Global
	GlobalSection(SolutionConfigurationPlatforms) = preSolution
		Debug|Any CPU = Debug|Any CPU
		Release|Any CPU = Release|Any CPU
	EndGlobalSection
	GlobalSection(ProjectConfigurationPlatforms) = postSolution
		{F7C91BAD-75CE-41BF-B5FF-64FF7C4E0FC3}.Debug|Any CPU.ActiveCfg = Debug|Any CPU
		{F7C91BAD-75CE-41BF-B5FF-64FF7C4E0FC3}.Debug|Any CPU.Build.0 = Debug|Any CPU
		{F7C91BAD-75CE-41BF-B5FF-64FF7C4E0FC3}.Release|Any CPU.ActiveCfg = Release|Any CPU
		{F7C91BAD-75CE-41BF-B5FF-64FF7C4E0FC3}.Release|Any CPU.Build.0 = Release|Any CPU
	EndGlobalSection
	GlobalSection(SolutionProperties) = preSolution
		HideSolutionNode = FALSE
	EndGlobalSection
	GlobalSection(ExtensibilityGlobals) = postSolution
		SolutionGuid = {95A683F9-A799-47E7-B14C-798289025184}
	EndGlobalSection
EndGlobal
